{
  "nodes": {
    "abseil-src": {
      "flake": false,
      "locked": {
        "lastModified": 1722535511,
        "narHash": "sha256-51jpDhdZ0n+KLmxh8KVaTz53pZAB0dHjmILFX+OLud4=",
        "owner": "abseil",
        "repo": "abseil-cpp",
        "rev": "4447c7562e3bc702ade25105912dce503f0c4010",
        "type": "github"
      },
      "original": {
        "owner": "abseil",
        "ref": "20240722.0",
        "repo": "abseil-cpp",
        "type": "github"
      }
    },
    "aquamarine": {
      "inputs": {
        "hyprutils": [
          "hyprland",
          "hyprutils"
        ],
        "hyprwayland-scanner": [
          "hyprland",
          "hyprwayland-scanner"
        ],
        "nixpkgs": [
          "hyprland",
          "nixpkgs"
        ],
        "systems": [
          "hyprland",
          "systems"
        ]
      },
      "locked": {
        "lastModified": 1776876344,
        "narHash": "sha256-Ubqb/agkuMJK+k19gjQgHux/eOYRc1sRGoOZOho8+VY=",
        "owner": "hyprwm",
        "repo": "aquamarine",
        "rev": "648a13d0ee1e03a843b3e145b8ece15393058701",
        "type": "github"
      },
      "original": {
        "owner": "hyprwm",
        "repo": "aquamarine",
        "type": "github"
      }
    },
    "asio-src": {
      "flake": false,
      "locked": {
        "lastModified": 1702548444,
        "narHash": "sha256-8Xo6J6+dTvDtsthjbLMMTInHMDnMMM0rQwzbZu70J/s=",
        "owner": "chriskohlhoff",
        "repo": "asio",
        "rev": "22ccfc94fc77356f7820601f9f33b9129a337d2d",
        "type": "github"
      },
      "original": {
        "owner": "chriskohlhoff",
        "ref": "asio-1-30-0",
        "repo": "asio",
        "type": "github"
      }
    },
    "base16": {
      "inputs": {
        "fromYaml": "fromYaml"
      },
      "locked": {
        "lastModified": 1755819240,
        "narHash": "sha256-qcMhnL7aGAuFuutH4rq9fvAhCpJWVHLcHVZLtPctPlo=",
        "owner": "SenchoPens",
        "repo": "base16.nix",
        "rev": "75ed5e5e3fce37df22e49125181fa37899c3ccd6",
        "type": "github"
      },
      "original": {
        "owner": "SenchoPens",
        "repo": "base16.nix",
        "type": "github"
      }
    },
    "base16-fish": {
      "flake": false,
      "locked": {
        "lastModified": 1765809053,
        "narHash": "sha256-XCUQLoLfBJ8saWms2HCIj4NEN+xNsWBlU1NrEPcQG4s=",
        "owner": "tomyun",
        "repo": "base16-fish",
        "rev": "86cbea4dca62e08fb7fd83a70e96472f92574782",
        "type": "github"
      },
      "original": {
        "owner": "tomyun",
        "repo": "base16-fish",
        "rev": "86cbea4dca62e08fb7fd83a70e96472f92574782",
        "type": "github"
      }
    },
    "base16-helix": {
      "flake": false,
      "locked": {
        "lastModified": 1776754714,
        "narHash": "sha256-E3OAK27smtATTmX45uoTSRsVD+Y+ZiVVfgM/tjpbtYg=",
        "owner": "tinted-theming",
        "repo": "base16-helix",
        "rev": "4d508123037e7851ad36ebf7d9c48b0e9e1eb581",
        "type": "github"
      },
      "original": {
        "owner": "tinted-theming",
        "repo": "base16-helix",
        "type": "github"
      }
    },
    "base16-vim": {
      "flake": false,
      "locked": {
        "lastModified": 1732806396,
        "narHash": "sha256-e0bpPySdJf0F68Ndanwm+KWHgQiZ0s7liLhvJSWDNsA=",
        "owner": "tinted-theming",
        "repo": "base16-vim",
        "rev": "577fe8125d74ff456cf942c733a85d769afe58b7",
        "type": "github"
      },
      "original": {
        "owner": "tinted-theming",
        "repo": "base16-vim",
        "rev": "577fe8125d74ff456cf942c733a85d769afe58b7",
        "type": "github"
      }
    },
    "curl-src": {
      "flake": false,
      "locked": {
        "lastModified": 1743572790,
        "narHash": "sha256-huAGWNm2rYBmgzUuYQ21IYp2skyQECelEkXPMBJY3cE=",
        "owner": "curl",
        "repo": "curl",
        "rev": "1c3149881769e7bd79b072e48374e4c2b3678b2f",
        "type": "github"
      },
      "original": {
        "owner": "curl",
        "ref": "curl-8_13_0",
        "repo": "curl",
        "type": "github"
      }
    },
    "dolphin-overlay": {
      "inputs": {
        "nixpkgs": "nixpkgs"
      },
      "locked": {
        "lastModified": 1775943689,
        "narHash": "sha256-0XBCoR1L5gYmh8VqZu0HcHsL4GeGXQMC0f3ARshf/rk=",
        "owner": "rumboon",
        "repo": "dolphin-overlay",
        "rev": "c32758737a0cb02d0bf380753d11df1b8537a944",
        "type": "github"
      },
      "original": {
        "owner": "rumboon",
        "repo": "dolphin-overlay",
        "type": "github"
      }
    },
    "firefox-gnome-theme": {
      "flake": false,
      "locked": {
        "lastModified": 1776136500,
        "narHash": "sha256-r0gN2brVWA351zwMV0Flmlcd6SGMvYqFbvC3DfKFM8Y=",
        "owner": "rafaelmardojai",
        "repo": "firefox-gnome-theme",
        "rev": "0f8ba203d475587f477e7ae12661bd8459e225b7",
        "type": "github"
      },
      "original": {
        "owner": "rafaelmardojai",
        "repo": "firefox-gnome-theme",
        "type": "github"
      }
    },
    "firefox-nightly": {
      "inputs": {
        "flake-compat": "flake-compat",
        "lib-aggregate": "lib-aggregate",
        "nixpkgs": "nixpkgs_2"
      },
      "locked": {
        "lastModified": 1777910574,
        "narHash": "sha256-tfw7AmvngoQ/Xw/TgU7PfuDRC2qnY7DJZ/3YlM+80Ec=",
        "owner": "nix-community",
        "repo": "flake-firefox-nightly",
        "rev": "6bac30f4edef7054d1c0b478681bf1bee4b32a49",
        "type": "github"
      },
      "original": {
        "owner": "nix-community",
        "repo": "flake-firefox-nightly",
        "type": "github"
      }
    },
    "flake-compat": {
      "locked": {
        "lastModified": 1761640442,
        "narHash": "sha256-AtrEP6Jmdvrqiv4x2xa5mrtaIp3OEe8uBYCDZDS+hu8=",
        "owner": "nix-community",
        "repo": "flake-compat",
        "rev": "4a56054d8ffc173222d09dad23adf4ba946c8884",
        "type": "github"
      },
      "original": {
        "owner": "nix-community",
        "repo": "flake-compat",
        "type": "github"
      }
    },
    "flake-compat_2": {
      "flake": false,
      "locked": {
        "lastModified": 1767039857,
        "narHash": "sha256-vNpUSpF5Nuw8xvDLj2KCwwksIbjua2LZCqhV1LNRDns=",
        "owner": "NixOS",
        "repo": "flake-compat",
        "rev": "5edf11c44bc78a0d334f6334cdaf7d60d732daab",
        "type": "github"
      },
      "original": {
        "owner": "NixOS",
        "repo": "flake-compat",
        "type": "github"
      }
    },
    "flake-compat_3": {
      "flake": false,
      "locked": {
        "lastModified": 1751685974,
        "narHash": "sha256-NKw96t+BgHIYzHUjkTK95FqYRVKB8DHpVhefWSz/kTw=",
        "ref": "refs/heads/main",
        "rev": "549f2762aebeff29a2e5ece7a7dc0f955281a1d1",
        "revCount": 92,
        "type": "git",
        "url": "https://git.lix.systems/lix-project/flake-compat.git"
      },
      "original": {
        "type": "git",
        "url": "https://git.lix.systems/lix-project/flake-compat.git"
      }
    },
    "flake-parts": {
      "inputs": {
        "nixpkgs-lib": [
          "nvf",
          "nixpkgs"
        ]
      },
      "locked": {
        "lastModified": 1769996383,
        "narHash": "sha256-AnYjnFWgS49RlqX7LrC4uA+sCCDBj0Ry/WOJ5XWAsa0=",
        "owner": "hercules-ci",
        "repo": "flake-parts",
        "rev": "57928607ea566b5db3ad13af0e57e921e6b12381",
        "type": "github"
      },
      "original": {
        "owner": "hercules-ci",
        "repo": "flake-parts",
        "type": "github"
      }
    },
    "flake-parts_2": {
      "inputs": {
        "nixpkgs-lib": [
          "stylix",
          "nixpkgs"
        ]
      },
      "locked": {
        "lastModified": 1775087534,
        "narHash": "sha256-91qqW8lhL7TLwgQWijoGBbiD4t7/q75KTi8NxjVmSmA=",
        "owner": "hercules-ci",
        "repo": "flake-parts",
        "rev": "3107b77cd68437b9a76194f0f7f9c55f2329ca5b",
        "type": "github"
      },
      "original": {
        "owner": "hercules-ci",
        "repo": "flake-parts",
        "type": "github"
      }
    },
    "flake-utils": {
      "inputs": {
        "systems": "systems"
      },
      "locked": {
        "lastModified": 1731533236,
        "narHash": "sha256-l0KFg5HjrsfsO/JpG+r7fRrqm12kzFHyUHqHCVpMMbI=",
        "owner": "numtide",
        "repo": "flake-utils",
        "rev": "11707dc2f618dd54ca8739b309ec4fc024de578b",
        "type": "github"
      },
      "original": {
        "owner": "numtide",
        "repo": "flake-utils",
        "type": "github"
      }
    },
    "flake-utils_2": {
      "inputs": {
        "systems": "systems_2"
      },
      "locked": {
        "lastModified": 1710146030,
        "narHash": "sha256-SZ5L6eA7HJ/nmkzGG7/ISclqe6oZdOZTNoesiInkXPQ=",
        "owner": "numtide",
        "repo": "flake-utils",
        "rev": "b1d9ab70662946ef0850d488da1c9019f3a9752a",
        "type": "github"
      },
      "original": {
        "owner": "numtide",
        "repo": "flake-utils",
        "type": "github"
      }
    },
    "fmt-src": {
      "flake": false,
      "locked": {
        "lastModified": 1758127535,
        "narHash": "sha256-AZDmIeU1HbadC+K0TIAGogvVnxt0oE9U6ocpawIgl6g=",
        "owner": "fmtlib",
        "repo": "fmt",
        "rev": "e424e3f2e607da02742f73db84873b8084fc714c",
        "type": "github"
      },
      "original": {
        "owner": "fmtlib",
        "ref": "12.0.0",
        "repo": "fmt",
        "type": "github"
      }
    },
    "fok-quote": {
      "inputs": {
        "flake-utils": "flake-utils_2",
        "nixpkgs": "nixpkgs_3"
      },
      "locked": {
        "lastModified": 1776374550,
        "narHash": "sha256-TNd1/dX3DUrYqSkfOMS82fNjqHZAVF3T0UoamCfY70g=",
        "owner": "FokoHetman",
        "repo": "fok-quote",
        "rev": "9a9bc0b8018123714df0b1c30095765929f8f68d",
        "type": "github"
      },
      "original": {
        "owner": "FokoHetman",
        "repo": "fok-quote",
        "type": "github"
      }
    },
    "fromYaml": {
      "flake": false,
      "locked": {
        "lastModified": 1731966426,
        "narHash": "sha256-lq95WydhbUTWig/JpqiB7oViTcHFP8Lv41IGtayokA8=",
        "owner": "SenchoPens",
        "repo": "fromYaml",
        "rev": "106af9e2f715e2d828df706c386a685698f3223b",
        "type": "github"
      },
      "original": {
        "owner": "SenchoPens",
        "repo": "fromYaml",
        "type": "github"
      }
    },
    "gitignore": {
      "inputs": {
        "nixpkgs": [
          "hyprland",
          "pre-commit-hooks",
          "nixpkgs"
        ]
      },
      "locked": {
        "lastModified": 1709087332,
        "narHash": "sha256-HG2cCnktfHsKV0s4XW83gU3F57gaTljL9KNSuG6bnQs=",
        "owner": "hercules-ci",
        "repo": "gitignore.nix",
        "rev": "637db329424fd7e46cf4185293b9cc8c88c95394",
        "type": "github"
      },
      "original": {
        "owner": "hercules-ci",
        "repo": "gitignore.nix",
        "type": "github"
      }
    },
    "gnome-shell": {
      "flake": false,
      "locked": {
        "lastModified": 1767737596,
        "narHash": "sha256-eFujfIUQDgWnSJBablOuG+32hCai192yRdrNHTv0a+s=",
        "owner": "GNOME",
        "repo": "gnome-shell",
        "rev": "ef02db02bf0ff342734d525b5767814770d85b49",
        "type": "github"
      },
      "original": {
        "owner": "GNOME",
        "repo": "gnome-shell",
        "rev": "ef02db02bf0ff342734d525b5767814770d85b49",
        "type": "github"
      }
    },
    "home-manager": {
      "inputs": {
        "nixpkgs": [
          "nixpkgs"
        ]
      },
      "locked": {
        "lastModified": 1777913624,
        "narHash": "sha256-4MwfrGuqjsnEORQbM3cmkmG/9cWhDV63dTDguDj4FXw=",
        "owner": "nix-community",
        "repo": "home-manager",
        "rev": "a89686d115e970e200eb2caa7603f3673050e00c",
        "type": "github"
      },
      "original": {
        "owner": "nix-community",
        "repo": "home-manager",
        "type": "github"
      }
    },
    "hyprcursor": {
      "inputs": {
        "hyprlang": [
          "hyprland",
          "hyprlang"
        ],
        "nixpkgs": [
          "hyprland",
          "nixpkgs"
        ],
        "systems": [
          "hyprland",
          "systems"
        ]
      },
      "locked": {
        "lastModified": 1776511930,
        "narHash": "sha256-fCpwFiTW0rT7oKJqr3cqHMnkwypSwQKpbtUEtxdkgrM=",
        "owner": "hyprwm",
        "repo": "hyprcursor",
        "rev": "39435900785d0c560c6ae8777d29f28617d031ef",
        "type": "github"
      },
      "original": {
        "owner": "hyprwm",
        "repo": "hyprcursor",
        "type": "github"
      }
    },
    "hyprgraphics": {
      "inputs": {
        "hyprutils": [
          "hyprland",
          "hyprutils"
        ],
        "nixpkgs": [
          "hyprland",
          "nixpkgs"
        ],
        "systems": [
          "hyprland",
          "systems"
        ]
      },
      "locked": {
        "lastModified": 1776426399,
        "narHash": "sha256-RUESLKNikIeEq9ymGJ6nmcDXiSFQpUW1IhJ245nL3xM=",
        "owner": "hyprwm",
        "repo": "hyprgraphics",
        "rev": "68d064434787cf1ed4a2fe257c03c5f52f33cf84",
        "type": "github"
      },
      "original": {
        "owner": "hyprwm",
        "repo": "hyprgraphics",
        "type": "github"
      }
    },
    "hyprland": {
      "inputs": {
        "aquamarine": "aquamarine",
        "hyprcursor": "hyprcursor",
        "hyprgraphics": "hyprgraphics",
        "hyprland-guiutils": "hyprland-guiutils",
        "hyprland-protocols": "hyprland-protocols",
        "hyprlang": "hyprlang",
        "hyprutils": "hyprutils",
        "hyprwayland-scanner": "hyprwayland-scanner",
        "hyprwire": "hyprwire",
        "nixpkgs": "nixpkgs_4",
        "pre-commit-hooks": "pre-commit-hooks",
        "systems": "systems_3",
        "xdph": "xdph"
      },
      "locked": {
        "lastModified": 1777910456,
        "narHash": "sha256-YXQ5bhn5mklMsOuVqze3QBqqL+8zsUum24Yx1K2Rb+w=",
        "owner": "hyprwm",
        "repo": "hyprland",
        "rev": "eff3bfe261e90b8950b59379ca7815f735a7aab6",
        "type": "github"
      },
      "original": {
        "owner": "hyprwm",
        "repo": "hyprland",
        "type": "github"
      }
    },
    "hyprland-guiutils": {
      "inputs": {
        "aquamarine": [
          "hyprland",
          "aquamarine"
        ],
        "hyprgraphics": [
          "hyprland",
          "hyprgraphics"
        ],
        "hyprlang": [
          "hyprland",
          "hyprlang"
        ],
        "hyprtoolkit": "hyprtoolkit",
        "hyprutils": [
          "hyprland",
          "hyprutils"
        ],
        "hyprwayland-scanner": [
          "hyprland",
          "hyprwayland-scanner"
        ],
        "nixpkgs": [
          "hyprland",
          "nixpkgs"
        ],
        "systems": [
          "hyprland",
          "systems"
        ]
      },
      "locked": {
        "lastModified": 1776426575,
        "narHash": "sha256-KI6nIfVihn/DPaeB5Et46Xg3dkNHrrEtUd5LBBVomB0=",
        "owner": "hyprwm",
        "repo": "hyprland-guiutils",
        "rev": "a968d211048e3ed538e47b84cb3649299578f19d",
        "type": "github"
      },
      "original": {
        "owner": "hyprwm",
        "repo": "hyprland-guiutils",
        "type": "github"
      }
    },
    "hyprland-plugins": {
      "inputs": {
        "hyprland": [
          "hyprland"
        ],
        "nixpkgs": [
          "hyprland-plugins",
          "hyprland",
          "nixpkgs"
        ],
        "systems": [
          "hyprland-plugins",
          "hyprland",
          "systems"
        ]
      },
      "locked": {
        "lastModified": 1777392029,
        "narHash": "sha256-iTtzJsp4hXp7/Y+2kVaosPPNBeUJbFiqQcZVRUtC+dM=",
        "owner": "hyprwm",
        "repo": "hyprland-plugins",
        "rev": "473804b3594dd829295484f1f479a560b8114f2d",
        "type": "github"
      },
      "original": {
        "owner": "hyprwm",
        "repo": "hyprland-plugins",
        "type": "github"
      }
    },
    "hyprland-protocols": {
      "inputs": {
        "nixpkgs": [
          "hyprland",
          "nixpkgs"
        ],
        "systems": [
          "hyprland",
          "systems"
        ]
      },
      "locked": {
        "lastModified": 1772460177,
        "narHash": "sha256-/6G/MsPvtn7bc4Y32pserBT/Z4SUUdBd4XYJpOEKVR4=",
        "owner": "hyprwm",
        "repo": "hyprland-protocols",
        "rev": "1cb6db5fd6bb8aee419f4457402fa18293ace917",
        "type": "github"
      },
      "original": {
        "owner": "hyprwm",
        "repo": "hyprland-protocols",
        "type": "github"
      }
    },
    "hyprlang": {
      "inputs": {
        "hyprutils": [
          "hyprland",
          "hyprutils"
        ],
        "nixpkgs": [
          "hyprland",
          "nixpkgs"
        ],
        "systems": [
          "hyprland",
          "systems"
        ]
      },
      "locked": {
        "lastModified": 1776426736,
        "narHash": "sha256-rl7i4aY+9p8LysJp7o8uRWahCkpFznCgGHXszlTw7b0=",
        "owner": "hyprwm",
        "repo": "hyprlang",
        "rev": "7833ff33b2e82d3406337b5dcf0d1cec595d83e9",
        "type": "github"
      },
      "original": {
        "owner": "hyprwm",
        "repo": "hyprlang",
        "type": "github"
      }
    },
    "hyprlauncher": {
      "inputs": {
        "aquamarine": [
          "hyprland"
        ],
        "hyprgraphics": [
          "hyprland"
        ],
        "hyprlang": [
          "hyprland"
        ],
        "hyprtoolkit": [
          "hyprtoolkit"
        ],
        "hyprutils": [
          "hyprland"
        ],
        "hyprwayland-scanner": "hyprwayland-scanner_2",
        "hyprwire": [
          "hyprland"
        ],
        "nixpkgs": "nixpkgs_5",
        "systems": "systems_4"
      },
      "locked": {
        "lastModified": 1777159923,
        "narHash": "sha256-FHw6S2rz716ZwuF661aT5HYN1b6qyyBDkwhEL5hzHUk=",
        "owner": "hyprwm",
        "repo": "hyprlauncher",
        "rev": "c682906a0836447c27c8d974f35493d3baa79d64",
        "type": "github"
      },
      "original": {
        "owner": "hyprwm",
        "repo": "hyprlauncher",
        "type": "github"
      }
    },
    "hyprlock": {
      "inputs": {
        "hyprgraphics": [
          "hyprland"
        ],
        "hyprlang": [
          "hyprland"
        ],
        "hyprutils": [
          "hyprland"
        ],
        "hyprwayland-scanner": [
          "hyprland"
        ],
        "nixpkgs": "nixpkgs_6",
        "systems": "systems_5"
      },
      "locked": {
        "lastModified": 1775388099,
        "narHash": "sha256-PPFvCGvE5eLE9vRDhRCtcpmC4B5kfKZdrS3FeIcfDIg=",
        "owner": "mcgi5sr2",
        "repo": "hyprlock",
        "rev": "a48820ac25db4c862090fd0cf424fc05e5f34a93",
        "type": "github"
      },
      "original": {
        "owner": "mcgi5sr2",
        "ref": "feature/video-background",
        "repo": "hyprlock",
        "type": "github"
      }
    },
    "hyprshutdown": {
      "inputs": {
        "aquamarine": [
          "hyprland"
        ],
        "hyprgraphics": [
          "hyprland"
        ],
        "hyprtoolkit": [
          "hyprtoolkit"
        ],
        "hyprutils": [
          "hyprland"
        ],
        "nixpkgs": "nixpkgs_7",
        "systems": "systems_6"
      },
      "locked": {
        "lastModified": 1777392587,
        "narHash": "sha256-pJhNBGIBmviw8C4SQtIhGGlVlJYANAm3VRazncZKq5Q=",
        "owner": "hyprwm",
        "repo": "hyprshutdown",
        "rev": "f70097e670adddb5a02fb0994804532d6b483b72",
        "type": "github"
      },
      "original": {
        "owner": "hyprwm",
        "repo": "hyprshutdown",
        "type": "github"
      }
    },
    "hyprtoolkit": {
      "inputs": {
        "aquamarine": [
          "hyprland",
          "hyprland-guiutils",
          "aquamarine"
        ],
        "hyprgraphics": [
          "hyprland",
          "hyprland-guiutils",
          "hyprgraphics"
        ],
        "hyprlang": [
          "hyprland",
          "hyprland-guiutils",
          "hyprlang"
        ],
        "hyprutils": [
          "hyprland",
          "hyprland-guiutils",
          "hyprutils"
        ],
        "hyprwayland-scanner": [
          "hyprland",
          "hyprland-guiutils",
          "hyprwayland-scanner"
        ],
        "nixpkgs": [
          "hyprland",
          "hyprland-guiutils",
          "nixpkgs"
        ],
        "systems": [
          "hyprland",
          "hyprland-guiutils",
          "systems"
        ]
      },
      "locked": {
        "lastModified": 1772462885,
        "narHash": "sha256-5pHXrQK9zasMnIo6yME6EOXmWGFMSnCITcfKshhKJ9I=",
        "owner": "hyprwm",
        "repo": "hyprtoolkit",
        "rev": "9af245a69fa6b286b88ddfc340afd288e00a6998",
        "type": "github"
      },
      "original": {
        "owner": "hyprwm",
        "repo": "hyprtoolkit",
        "type": "github"
      }
    },
    "hyprtoolkit_2": {
      "inputs": {
        "aquamarine": [
          "hyprland"
        ],
        "hyprgraphics": [
          "hyprland"
        ],
        "hyprlang": [
          "hyprland"
        ],
        "hyprutils": [
          "hyprland"
        ],
        "hyprwayland-scanner": [
          "hyprland"
        ],
        "nixpkgs": "nixpkgs_8",
        "systems": "systems_7"
      },
      "locked": {
        "lastModified": 1777851515,
        "narHash": "sha256-Bh1c6skxhQyR9GVD1luqcVt002Ckue8iOr+sMdeho7Q=",
        "owner": "hyprwm",
        "repo": "hyprtoolkit",
        "rev": "eec30dc0acc638cffd7b7eabf05b3bb099b00b04",
        "type": "github"
      },
      "original": {
        "owner": "hyprwm",
        "repo": "hyprtoolkit",
        "type": "github"
      }
    },
    "hyprutils": {
      "inputs": {
        "nixpkgs": [
          "hyprland",
          "nixpkgs"
        ],
        "systems": [
          "hyprland",
          "systems"
        ]
      },
      "locked": {
        "lastModified": 1777492286,
        "narHash": "sha256-PwuoEJQcjSKJNP5T55qhfDwIP0tw5zxEhfu8GDfKfeg=",
        "owner": "hyprwm",
        "repo": "hyprutils",
        "rev": "ec5c0c709706bad5b82f667fd8758eae442577ce",
        "type": "github"
      },
      "original": {
        "owner": "hyprwm",
        "repo": "hyprutils",
        "type": "github"
      }
    },
    "hyprwayland-scanner": {
      "inputs": {
        "nixpkgs": [
          "hyprland",
          "nixpkgs"
        ],
        "systems": [
          "hyprland",
          "systems"
        ]
      },
      "locked": {
        "lastModified": 1777148232,
        "narHash": "sha256-Uv0WZLhu89SafuSOmYDA7akrPt4wBRmsa1ucasO5aXg=",
        "owner": "hyprwm",
        "repo": "hyprwayland-scanner",
        "rev": "fec9cf1abcc1011e46f0a0986f46bf93c6bf8b92",
        "type": "github"
      },
      "original": {
        "owner": "hyprwm",
        "repo": "hyprwayland-scanner",
        "type": "github"
      }
    },
    "hyprwayland-scanner_2": {
      "inputs": {
        "nixpkgs": [
          "hyprlauncher",
          "nixpkgs"
        ],
        "systems": [
          "hyprlauncher",
          "systems"
        ]
      },
      "locked": {
        "lastModified": 1772459835,
        "narHash": "sha256-978jRz/y/9TKmZb/qD4lEYHCQGHpEXGqy+8X2lFZsak=",
        "owner": "hyprwm",
        "repo": "hyprwayland-scanner",
        "rev": "0a692d4a645165eebd65f109146b8861e3a925e7",
        "type": "github"
      },
      "original": {
        "owner": "hyprwm",
        "repo": "hyprwayland-scanner",
        "type": "github"
      }
    },
    "hyprwire": {
      "inputs": {
        "hyprutils": [
          "hyprland",
          "hyprutils"
        ],
        "nixpkgs": [
          "hyprland",
          "nixpkgs"
        ],
        "systems": [
          "hyprland",
          "systems"
        ]
      },
      "locked": {
        "lastModified": 1776728575,
        "narHash": "sha256-z9eGphrArEBpl1O/GCH0wlY6z4K9vA6yWh2gAS6qytU=",
        "owner": "hyprwm",
        "repo": "hyprwire",
        "rev": "f3a80888783702a39691b684d099e16b83ed4702",
        "type": "github"
      },
      "original": {
        "owner": "hyprwm",
        "repo": "hyprwire",
        "type": "github"
      }
    },
    "incbin-src": {
      "flake": false,
      "locked": {
        "lastModified": 1748303270,
        "narHash": "sha256-vgOfViZnWTKpBB6vDNDJSB3YuuGGVhg++zsi9Ubatno=",
        "owner": "graphitemaster",
        "repo": "incbin",
        "rev": "22061f51fe9f2f35f061f85c2b217b55dd75310d",
        "type": "github"
      },
      "original": {
        "owner": "graphitemaster",
        "repo": "incbin",
        "rev": "22061f51fe9f2f35f061f85c2b217b55dd75310d",
        "type": "github"
      }
    },
    "json-src": {
      "flake": false,
      "locked": {
        "lastModified": 1744360948,
        "narHash": "sha256-cECvDOLxgX7Q9R3IE86Hj9JJUxraDQvhoyPDF03B2CY=",
        "owner": "nlohmann",
        "repo": "json",
        "rev": "55f93686c01528224f448c19128836e7df245f72",
        "type": "github"
      },
      "original": {
        "owner": "nlohmann",
        "ref": "v3.12.0",
        "repo": "json",
        "type": "github"
      }
    },
    "lib-aggregate": {
      "inputs": {
        "flake-utils": "flake-utils",
        "nixpkgs-lib": "nixpkgs-lib"
      },
      "locked": {
        "lastModified": 1777903821,
        "narHash": "sha256-qxDK7Mqw4wMrW+vPnR/m5Q+Ka3Mi/NnrAd63GeudcuE=",
        "owner": "nix-community",
        "repo": "lib-aggregate",
        "rev": "734af571e94ce4e02b60eb2a97a8603ef645981d",
        "type": "github"
      },
      "original": {
        "owner": "nix-community",
        "repo": "lib-aggregate",
        "type": "github"
      }
    },
    "libgit2-src": {
      "flake": false,
      "locked": {
        "lastModified": 1749227175,
        "narHash": "sha256-/xI3v7LNhpgfjv/m+sZwYDhhYvS6kQYxiiiG3+EF8Mw=",
        "owner": "libgit2",
        "repo": "libgit2",
        "rev": "0060d9cf5666f015b1067129bd874c6cc4c9c7ac",
        "type": "github"
      },
      "original": {
        "owner": "libgit2",
        "ref": "v1.9.1",
        "repo": "libgit2",
        "type": "github"
      }
    },
    "luajit-src": {
      "flake": false,
      "locked": {
        "lastModified": 1763177035,
        "narHash": "sha256-oYD86MqmlJpiCuEs4LwVtxvarPtz1RPWm8nJqNE0sBs=",
        "owner": "SteamClientHomebrew",
        "repo": "LuaJIT",
        "rev": "89550023569c3e195e75e12951c067fe5591e0d2",
        "type": "github"
      },
      "original": {
        "owner": "SteamClientHomebrew",
        "ref": "v2.1",
        "repo": "LuaJIT",
        "type": "github"
      }
    },
    "luajson-src": {
      "flake": false,
      "locked": {
        "lastModified": 1763065879,
        "narHash": "sha256-5Mdp4jp+rqz2ufkBa1gMfd8nep+Um+mBdr6+Ut6yz9I=",
        "owner": "SteamClientHomebrew",
        "repo": "LuaJSON",
        "rev": "0c1fabf07c42f3907287d1e4f729e0620c1fe6fd",
        "type": "github"
      },
      "original": {
        "owner": "SteamClientHomebrew",
        "repo": "LuaJSON",
        "rev": "0c1fabf07c42f3907287d1e4f729e0620c1fe6fd",
        "type": "github"
      }
    },
    "millennium": {
      "inputs": {
        "abseil-src": "abseil-src",
        "asio-src": "asio-src",
        "curl-src": "curl-src",
        "fmt-src": "fmt-src",
        "incbin-src": "incbin-src",
        "json-src": "json-src",
        "libgit2-src": "libgit2-src",
        "luajit-src": "luajit-src",
        "luajson-src": "luajson-src",
        "millennium-src": "millennium-src",
        "minhook-src": "minhook-src",
        "mini-src": "mini-src",
        "minizip-src": "minizip-src",
        "nixpkgs": "nixpkgs_9",
        "re2-src": "re2-src",
        "websocketpp-src": "websocketpp-src",
        "zlib-src": "zlib-src"
      },
      "locked": {
        "dir": "packages/nix",
        "lastModified": 1777911737,
        "narHash": "sha256-J86SGaDzbG89eydL2gZ/KOA5a1Gqb8dLToPtMYPdSHU=",
        "owner": "SteamClientHomebrew",
        "repo": "Millennium",
        "rev": "27965a32d72a201a6e6a867a47552d8f77207093",
        "type": "github"
      },
      "original": {
        "dir": "packages/nix",
        "owner": "SteamClientHomebrew",
        "repo": "Millennium",
        "type": "github"
      }
    },
    "millennium-src": {
      "flake": false,
      "locked": {
        "lastModified": 1777483535,
        "narHash": "sha256-eqbNqc+5PibHLI8xgOrizXOVLcpE52MhmUR4o40S3PY=",
        "owner": "SteamClientHomebrew",
        "repo": "Millennium",
        "rev": "defffd7b6f0cf4d5e53f5a892819966801475704",
        "type": "github"
      },
      "original": {
        "owner": "SteamClientHomebrew",
        "repo": "Millennium",
        "rev": "defffd7b6f0cf4d5e53f5a892819966801475704",
        "type": "github"
      }
    },
    "minhook-src": {
      "flake": false,
      "locked": {
        "lastModified": 1743163800,
        "narHash": "sha256-0eGFfg365bb4zic1WTHMvKHbxuhhGp72/clu8OklHXs=",
        "owner": "TsudaKageyu",
        "repo": "minhook",
        "rev": "c3fcafdc10146beb5919319d0683e44e3c30d537",
        "type": "github"
      },
      "original": {
        "owner": "TsudaKageyu",
        "ref": "v1.3.4",
        "repo": "minhook",
        "type": "github"
      }
    },
    "mini-src": {
      "flake": false,
      "locked": {
        "lastModified": 1743356736,
        "narHash": "sha256-zBFFOlECbie7+62fTGf+NP4gNmfv2Qddw3ys6xn7o9U=",
        "owner": "metayeti",
        "repo": "mINI",
        "rev": "52b66e987cb56171dc91d96115cdf094b6e4d7a0",
        "type": "github"
      },
      "original": {
        "owner": "metayeti",
        "ref": "0.9.18",
        "repo": "mINI",
        "type": "github"
      }
    },
    "minizip-src": {
      "flake": false,
      "locked": {
        "lastModified": 1746408966,
        "narHash": "sha256-I3CZwtfJMsZYQOMdGhooUN8vssnQj6rCzv8F+rne3vg=",
        "owner": "zlib-ng",
        "repo": "minizip-ng",
        "rev": "f3ed731e27a97e30dffe076ed5e0537daae5c1bd",
        "type": "github"
      },
      "original": {
        "owner": "zlib-ng",
        "ref": "4.0.10",
        "repo": "minizip-ng",
        "type": "github"
      }
    },
    "mnw": {
      "locked": {
        "lastModified": 1777828893,
        "narHash": "sha256-gVWVnmyNr74BVKfhMMZDWkhx2699dhmZ2g0W8TTHtkk=",
        "owner": "Gerg-L",
        "repo": "mnw",
        "rev": "c1c0b544bfabe6669b5a6a0383ccb475fe60258b",
        "type": "github"
      },
      "original": {
        "owner": "Gerg-L",
        "repo": "mnw",
        "type": "github"
      }
    },
    "ndg": {
      "inputs": {
        "nixpkgs": [
          "nvf",
          "nixpkgs"
        ]
      },
      "locked": {
        "lastModified": 1776882296,
        "narHash": "sha256-DWZozXwMsgvUqfVlL1mQ8dOxW7GJ/8CdyaDN+1niZRg=",
        "owner": "feel-co",
        "repo": "ndg",
        "rev": "ab7d78d4884b3a34968cf9fa3d16c0c1246d5c6e",
        "type": "github"
      },
      "original": {
        "owner": "feel-co",
        "ref": "refs/tags/v2.6.0",
        "repo": "ndg",
        "type": "github"
      }
    },
    "nixpkgs": {
      "locked": {
        "lastModified": 1743890059,
        "narHash": "sha256-QQLhHHGNtAW8qRpseb40zqZlhZUeRRUg2SGmXjfE+so=",
        "owner": "NixOS",
        "repo": "nixpkgs",
        "rev": "58a813438464b5295170efe38d8bd5f40fcc1d23",
        "type": "github"
      },
      "original": {
        "owner": "NixOS",
        "repo": "nixpkgs",
        "type": "github"
      }
    },
    "nixpkgs-lib": {
      "locked": {
        "lastModified": 1777894051,
        "narHash": "sha256-gD93nlyAyOZOQ2BG1YE/xPid8eVPrwCD2UBMMjwJ1o4=",
        "owner": "nix-community",
        "repo": "nixpkgs.lib",
        "rev": "cea90d52f99e874eb11689f4acd7951bcde3b7a0",
        "type": "github"
      },
      "original": {
        "owner": "nix-community",
        "repo": "nixpkgs.lib",
        "type": "github"
      }
    },
    "nixpkgs_10": {
      "locked": {
        "lastModified": 1777578337,
        "narHash": "sha256-Ad49moKWeXtKBJNy2ebiTQUEgdLyvGmTeykAQ9xM+Z4=",
        "owner": "nixos",
        "repo": "nixpkgs",
        "rev": "15f4ee454b1dce334612fa6843b3e05cf546efab",
        "type": "github"
      },
      "original": {
        "owner": "nixos",
        "ref": "nixos-unstable",
        "repo": "nixpkgs",
        "type": "github"
      }
    },
    "nixpkgs_11": {
      "locked": {
        "lastModified": 1777578337,
        "narHash": "sha256-fN6ynMvcdwPDB09LpWJNO5ogu+HFydrBWXJywoI/NNg=",
        "rev": "15f4ee454b1dce334612fa6843b3e05cf546efab",
        "type": "tarball",
        "url": "https://releases.nixos.org/nixos/unstable/nixos-26.05pre990025.15f4ee454b1d/nixexprs.tar.xz"
      },
      "original": {
        "type": "tarball",
        "url": "https://channels.nixos.org/nixos-unstable/nixexprs.tar.xz"
      }
    },
    "nixpkgs_2": {
      "locked": {
        "lastModified": 1777891250,
        "narHash": "sha256-XNMv5HI0uzQL+s6TOQUu/Bl0zgBRRPHPpJf1d+fhWxY=",
        "owner": "nixos",
        "repo": "nixpkgs",
        "rev": "e7b6ff4aac6041bd0ddb759f59318305c17cf0b8",
        "type": "github"
      },
      "original": {
        "owner": "nixos",
        "ref": "nixos-unstable-small",
        "repo": "nixpkgs",
        "type": "github"
      }
    },
    "nixpkgs_3": {
      "locked": {
        "lastModified": 1721924956,
        "narHash": "sha256-Sb1jlyRO+N8jBXEX9Pg9Z1Qb8Bw9QyOgLDNMEpmjZ2M=",
        "owner": "nixos",
        "repo": "nixpkgs",
        "rev": "5ad6a14c6bf098e98800b091668718c336effc95",
        "type": "github"
      },
      "original": {
        "owner": "nixos",
        "ref": "nixos-unstable",
        "repo": "nixpkgs",
        "type": "github"
      }
    },
    "nixpkgs_4": {
      "locked": {
        "lastModified": 1776877367,
        "narHash": "sha256-EHq1/OX139R1RvBzOJ0aMRT3xnWyqtHBRUBuO1gFzjI=",
        "owner": "NixOS",
        "repo": "nixpkgs",
        "rev": "0726a0ecb6d4e08f6adced58726b95db924cef57",
        "type": "github"
      },
      "original": {
        "owner": "NixOS",
        "ref": "nixos-unstable",
        "repo": "nixpkgs",
        "type": "github"
      }
    },
    "nixpkgs_5": {
      "locked": {
        "lastModified": 1772433332,
        "narHash": "sha256-izhTDFKsg6KeVBxJS9EblGeQ8y+O8eCa6RcW874vxEc=",
        "owner": "NixOS",
        "repo": "nixpkgs",
        "rev": "cf59864ef8aa2e178cccedbe2c178185b0365705",
        "type": "github"
      },
      "original": {
        "owner": "NixOS",
        "ref": "nixos-unstable",
        "repo": "nixpkgs",
        "type": "github"
      }
    },
    "nixpkgs_6": {
      "locked": {
        "lastModified": 1772433332,
        "narHash": "sha256-izhTDFKsg6KeVBxJS9EblGeQ8y+O8eCa6RcW874vxEc=",
        "owner": "NixOS",
        "repo": "nixpkgs",
        "rev": "cf59864ef8aa2e178cccedbe2c178185b0365705",
        "type": "github"
      },
      "original": {
        "owner": "NixOS",
        "ref": "nixos-unstable",
        "repo": "nixpkgs",
        "type": "github"
      }
    },
    "nixpkgs_7": {
      "locked": {
        "lastModified": 1772433332,
        "narHash": "sha256-izhTDFKsg6KeVBxJS9EblGeQ8y+O8eCa6RcW874vxEc=",
        "owner": "NixOS",
        "repo": "nixpkgs",
        "rev": "cf59864ef8aa2e178cccedbe2c178185b0365705",
        "type": "github"
      },
      "original": {
        "owner": "NixOS",
        "ref": "nixos-unstable",
        "repo": "nixpkgs",
        "type": "github"
      }
    },
    "nixpkgs_8": {
      "locked": {
        "lastModified": 1772198003,
        "narHash": "sha256-I45esRSssFtJ8p/gLHUZ1OUaaTaVLluNkABkk6arQwE=",
        "owner": "NixOS",
        "repo": "nixpkgs",
        "rev": "dd9b079222d43e1943b6ebd802f04fd959dc8e61",
        "type": "github"
      },
      "original": {
        "owner": "NixOS",
        "ref": "nixos-unstable",
        "repo": "nixpkgs",
        "type": "github"
      }
    },
    "nixpkgs_9": {
      "locked": {
        "lastModified": 1770115704,
        "narHash": "sha256-KHFT9UWOF2yRPlAnSXQJh6uVcgNcWlFqqiAZ7OVlHNc=",
        "owner": "nixos",
        "repo": "nixpkgs",
        "rev": "e6eae2ee2110f3d31110d5c222cd395303343b08",
        "type": "github"
      },
      "original": {
        "owner": "nixos",
        "ref": "nixos-unstable",
        "repo": "nixpkgs",
        "type": "github"
      }
    },
    "nur": {
      "inputs": {
        "flake-parts": [
          "stylix",
          "flake-parts"
        ],
        "nixpkgs": [
          "stylix",
          "nixpkgs"
        ]
      },
      "locked": {
        "lastModified": 1777598946,
        "narHash": "sha256-X239dAGaU1+gfDj8jKH8GzlqKMcxaVfXOio+uzBOkeE=",
        "owner": "nix-community",
        "repo": "NUR",
        "rev": "5d55af01c0f86be583931fe99207fc56c14134b3",
        "type": "github"
      },
      "original": {
        "owner": "nix-community",
        "repo": "NUR",
        "type": "github"
      }
    },
    "nvf": {
      "inputs": {
        "flake-compat": "flake-compat_3",
        "flake-parts": "flake-parts",
        "mnw": "mnw",
        "ndg": "ndg",
        "nixpkgs": [
          "nixpkgs"
        ],
        "systems": "systems_8"
      },
      "locked": {
        "lastModified": 1777837065,
        "narHash": "sha256-uRD6a4uNno3SsAw0E0E6xqbiK7pX63Ad1F37q5fyz9g=",
        "owner": "NotAShelf",
        "repo": "nvf",
        "rev": "7ec206a5d9a7d5d27900d81a6bb382823902276d",
        "type": "github"
      },
      "original": {
        "owner": "NotAShelf",
        "repo": "nvf",
        "type": "github"
      }
    },
    "pre-commit-hooks": {
      "inputs": {
        "flake-compat": "flake-compat_2",
        "gitignore": "gitignore",
        "nixpkgs": [
          "hyprland",
          "nixpkgs"
        ]
      },
      "locked": {
        "lastModified": 1776796298,
        "narHash": "sha256-PcRvlWayisPSjd0UcRQbhG8Oqw78AcPE6x872cPRHN8=",
        "owner": "cachix",
        "repo": "git-hooks.nix",
        "rev": "3cfd774b0a530725a077e17354fbdb87ea1c4aad",
        "type": "github"
      },
      "original": {
        "owner": "cachix",
        "repo": "git-hooks.nix",
        "type": "github"
      }
    },
    "re2-src": {
      "flake": false,
      "locked": {
        "lastModified": 1762353507,
        "narHash": "sha256-0J1HVk+eR7VN0ymucW9dNlT36j16XIfCzcs1EVyEIEU=",
        "owner": "google",
        "repo": "re2",
        "rev": "927f5d53caf8111721e734cf24724686bb745f55",
        "type": "github"
      },
      "original": {
        "owner": "google",
        "ref": "2025-11-05",
        "repo": "re2",
        "type": "github"
      }
    },
    "root": {
      "inputs": {
        "dolphin-overlay": "dolphin-overlay",
        "firefox-nightly": "firefox-nightly",
        "fok-quote": "fok-quote",
        "home-manager": "home-manager",
        "hyprland": "hyprland",
        "hyprland-plugins": "hyprland-plugins",
        "hyprlauncher": "hyprlauncher",
        "hyprlock": "hyprlock",
        "hyprshutdown": "hyprshutdown",
        "hyprtoolkit": "hyprtoolkit_2",
        "millennium": "millennium",
        "nixpkgs": "nixpkgs_10",
        "nvf": "nvf",
        "spicetify-nix": "spicetify-nix",
        "stylix": "stylix"
      }
    },
    "spicetify-nix": {
      "inputs": {
        "nixpkgs": "nixpkgs_11",
        "systems": "systems_9"
      },
      "locked": {
        "lastModified": 1777789800,
        "narHash": "sha256-XHCvLGu/bEEZRzXVKFu1i+2YB102Nr00n8e7xrzsfVs=",
        "owner": "Gerg-L",
        "repo": "spicetify-nix",
        "rev": "d0e921cc48aab6137d203a3eab19601dc2bdc0c3",
        "type": "github"
      },
      "original": {
        "owner": "Gerg-L",
        "repo": "spicetify-nix",
        "type": "github"
      }
    },
    "stylix": {
      "inputs": {
        "base16": "base16",
        "base16-fish": "base16-fish",
        "base16-helix": "base16-helix",
        "base16-vim": "base16-vim",
        "firefox-gnome-theme": "firefox-gnome-theme",
        "flake-parts": "flake-parts_2",
        "gnome-shell": "gnome-shell",
        "nixpkgs": [
          "nixpkgs"
        ],
        "nur": "nur",
        "systems": "systems_10",
        "tinted-kitty": "tinted-kitty",
        "tinted-schemes": "tinted-schemes",
        "tinted-tmux": "tinted-tmux",
        "tinted-zed": "tinted-zed"
      },
      "locked": {
        "lastModified": 1777835090,
        "narHash": "sha256-VLH8zPweblCOvpnQXp4fVs7f6Q79YhXF5XFKlOrvIFk=",
        "owner": "nix-community",
        "repo": "stylix",
        "rev": "7989a1054b01153212dede6005abfd1576b8328c",
        "type": "github"
      },
      "original": {
        "owner": "nix-community",
        "repo": "stylix",
        "type": "github"
      }
    },
    "systems": {
      "locked": {
        "lastModified": 1681028828,
        "narHash": "sha256-Vy1rq5AaRuLzOxct8nz4T6wlgyUR7zLU309k9mBC768=",
        "owner": "nix-systems",
        "repo": "default",
        "rev": "da67096a3b9bf56a91d16901293e51ba5b49a27e",
        "type": "github"
      },
      "original": {
        "owner": "nix-systems",
        "repo": "default",
        "type": "github"
      }
    },
    "systems_10": {
      "locked": {
        "lastModified": 1681028828,
        "narHash": "sha256-Vy1rq5AaRuLzOxct8nz4T6wlgyUR7zLU309k9mBC768=",
        "owner": "nix-systems",
        "repo": "default",
        "rev": "da67096a3b9bf56a91d16901293e51ba5b49a27e",
        "type": "github"
      },
      "original": {
        "owner": "nix-systems",
        "repo": "default",
        "type": "github"
      }
    },
    "systems_2": {
      "locked": {
        "lastModified": 1681028828,
        "narHash": "sha256-Vy1rq5AaRuLzOxct8nz4T6wlgyUR7zLU309k9mBC768=",
        "owner": "nix-systems",
        "repo": "default",
        "rev": "da67096a3b9bf56a91d16901293e51ba5b49a27e",
        "type": "github"
      },
      "original": {
        "owner": "nix-systems",
        "repo": "default",
        "type": "github"
      }
    },
    "systems_3": {
      "locked": {
        "lastModified": 1689347949,
        "narHash": "sha256-12tWmuL2zgBgZkdoB6qXZsgJEH9LR3oUgpaQq2RbI80=",
        "owner": "nix-systems",
        "repo": "default-linux",
        "rev": "31732fcf5e8fea42e59c2488ad31a0e651500f68",
        "type": "github"
      },
      "original": {
        "owner": "nix-systems",
        "repo": "default-linux",
        "type": "github"
      }
    },
    "systems_4": {
      "locked": {
        "lastModified": 1689347949,
        "narHash": "sha256-12tWmuL2zgBgZkdoB6qXZsgJEH9LR3oUgpaQq2RbI80=",
        "owner": "nix-systems",
        "repo": "default-linux",
        "rev": "31732fcf5e8fea42e59c2488ad31a0e651500f68",
        "type": "github"
      },
      "original": {
        "owner": "nix-systems",
        "repo": "default-linux",
        "type": "github"
      }
    },
    "systems_5": {
      "locked": {
        "lastModified": 1689347949,
        "narHash": "sha256-12tWmuL2zgBgZkdoB6qXZsgJEH9LR3oUgpaQq2RbI80=",
        "owner": "nix-systems",
        "repo": "default-linux",
        "rev": "31732fcf5e8fea42e59c2488ad31a0e651500f68",
        "type": "github"
      },
      "original": {
        "owner": "nix-systems",
        "repo": "default-linux",
        "type": "github"
      }
    },
    "systems_6": {
      "locked": {
        "lastModified": 1689347949,
        "narHash": "sha256-12tWmuL2zgBgZkdoB6qXZsgJEH9LR3oUgpaQq2RbI80=",
        "owner": "nix-systems",
        "repo": "default-linux",
        "rev": "31732fcf5e8fea42e59c2488ad31a0e651500f68",
        "type": "github"
      },
      "original": {
        "owner": "nix-systems",
        "repo": "default-linux",
        "type": "github"
      }
    },
    "systems_7": {
      "locked": {
        "lastModified": 1689347949,
        "narHash": "sha256-12tWmuL2zgBgZkdoB6qXZsgJEH9LR3oUgpaQq2RbI80=",
        "owner": "nix-systems",
        "repo": "default-linux",
        "rev": "31732fcf5e8fea42e59c2488ad31a0e651500f68",
        "type": "github"
      },
      "original": {
        "owner": "nix-systems",
        "repo": "default-linux",
        "type": "github"
      }
    },
    "systems_8": {
      "locked": {
        "lastModified": 1681028828,
        "narHash": "sha256-Vy1rq5AaRuLzOxct8nz4T6wlgyUR7zLU309k9mBC768=",
        "owner": "nix-systems",
        "repo": "default",
        "rev": "da67096a3b9bf56a91d16901293e51ba5b49a27e",
        "type": "github"
      },
      "original": {
        "owner": "nix-systems",
        "repo": "default",
        "type": "github"
      }
    },
    "systems_9": {
      "locked": {
        "lastModified": 1681028828,
        "narHash": "sha256-Vy1rq5AaRuLzOxct8nz4T6wlgyUR7zLU309k9mBC768=",
        "owner": "nix-systems",
        "repo": "default",
        "rev": "da67096a3b9bf56a91d16901293e51ba5b49a27e",
        "type": "github"
      },
      "original": {
        "owner": "nix-systems",
        "repo": "default",
        "type": "github"
      }
    },
    "tinted-kitty": {
      "flake": false,
      "locked": {
        "lastModified": 1735730497,
        "narHash": "sha256-4KtB+FiUzIeK/4aHCKce3V9HwRvYaxX+F1edUrfgzb8=",
        "owner": "tinted-theming",
        "repo": "tinted-kitty",
        "rev": "de6f888497f2c6b2279361bfc790f164bfd0f3fa",
        "type": "github"
      },
      "original": {
        "owner": "tinted-theming",
        "repo": "tinted-kitty",
        "type": "github"
      }
    },
    "tinted-schemes": {
      "flake": false,
      "locked": {
        "lastModified": 1777041405,
        "narHash": "sha256-BAGZ7ObFV/9Z61OJZun7ifPyhkuHqNuW1QIhQ8LuzCo=",
        "owner": "tinted-theming",
        "repo": "schemes",
        "rev": "5f868b3a338b6904c47f3833b9c411be641983a8",
        "type": "github"
      },
      "original": {
        "owner": "tinted-theming",
        "repo": "schemes",
        "type": "github"
      }
    },
    "tinted-tmux": {
      "flake": false,
      "locked": {
        "lastModified": 1777169200,
        "narHash": "sha256-h7dDbIzP5hDr9v97w9PL6jdAgXawmj6krcH+959rqpU=",
        "owner": "tinted-theming",
        "repo": "tinted-tmux",
        "rev": "f798c2dce44ef815bb6b8f05a82135c7942d35ac",
        "type": "github"
      },
      "original": {
        "owner": "tinted-theming",
        "repo": "tinted-tmux",
        "type": "github"
      }
    },
    "tinted-zed": {
      "flake": false,
      "locked": {
        "lastModified": 1777463218,
        "narHash": "sha256-Bhkozqtq3BKLqWTlmKm8uAptfX4aRGI8QX3eEL54Vpc=",
        "owner": "tinted-theming",
        "repo": "base16-zed",
        "rev": "5768d08ed2e7944a26a958868cdb073cb8856dae",
        "type": "github"
      },
      "original": {
        "owner": "tinted-theming",
        "repo": "base16-zed",
        "type": "github"
      }
    },
    "websocketpp-src": {
      "flake": false,
      "locked": {
        "lastModified": 1587320717,
        "narHash": "sha256-9fIwouthv2GcmBe/UPvV7Xn9P2o0Kmn2hCI4jCh0hPM=",
        "owner": "zaphoyd",
        "repo": "websocketpp",
        "rev": "56123c87598f8b1dd471be83ca841ceae07f95ba",
        "type": "github"
      },
      "original": {
        "owner": "zaphoyd",
        "ref": "0.8.2",
        "repo": "websocketpp",
        "type": "github"
      }
    },
    "xdph": {
      "inputs": {
        "hyprland-protocols": [
          "hyprland",
          "hyprland-protocols"
        ],
        "hyprlang": [
          "hyprland",
          "hyprlang"
        ],
        "hyprutils": [
          "hyprland",
          "hyprutils"
        ],
        "hyprwayland-scanner": [
          "hyprland",
          "hyprwayland-scanner"
        ],
        "nixpkgs": [
          "hyprland",
          "nixpkgs"
        ],
        "systems": [
          "hyprland",
          "systems"
        ]
      },
      "locked": {
        "lastModified": 1777035886,
        "narHash": "sha256-m1TNuBoSXUBSKhD9UVMkU90M0wFTPTfvIOOltO8IM8A=",
        "owner": "hyprwm",
        "repo": "xdg-desktop-portal-hyprland",
        "rev": "ecfcdcc781f48821d83e1e2a0e30d7beca0eeb5e",
        "type": "github"
      },
      "original": {
        "owner": "hyprwm",
        "repo": "xdg-desktop-portal-hyprland",
        "type": "github"
      }
    },
    "zlib-src": {
      "flake": false,
      "locked": {
        "lastModified": 1754565515,
        "narHash": "sha256-c2RYqHi3hj/ViBzJcYWoNib27GAbq/B1SJUfvG7CPG4=",
        "owner": "zlib-ng",
        "repo": "zlib-ng",
        "rev": "425439062b114a0f6cf625022c41d929c7e879f9",
        "type": "github"
      },
      "original": {
        "owner": "zlib-ng",
        "ref": "2.2.5",
        "repo": "zlib-ng",
        "type": "github"
      }
    }
  },
  "root": "root",
  "version": 7
}
